<?xml version="1.0" encoding="utf-8"?>
<Project ToolsVersion="4.0" xmlns="http://schemas.microsoft.com/developer/msbuild/2003">
  <ItemGroup>
    <Filter Include="src">
      <UniqueIdentifier>{2DAB880B-99B4-887C-2230-9F7C8E38947C}</UniqueIdentifier>
    </Filter>
    <Filter Include="src\Core">
      <UniqueIdentifier>{A5D31CCF-91A0-77DA-BAB9-6582A6E5AC68}</UniqueIdentifier>
    </Filter>
    <Filter Include="src\Core\Windows">
      <UniqueIdentifier>{DF528256-CB4B-A1A8-F47D-862DE0D580B4}</UniqueIdentifier>
    </Filter>
    <Filter Include="src\Core\Windows\TabsColumns">
      <UniqueIdentifier>{D9F9F5EE-C5B4-E59A-6E6C-5EE55A06302B}</UniqueIdentifier>
    </Filter>
    <Filter Include="src\Data">
      <UniqueIdentifier>{B6241DCF-A2F1-77DA-CB0A-6682B736AD68}</UniqueIdentifier>
    </Filter>
    <Filter Include="src\Data\Accural">
      <UniqueIdentifier>{604749C6-4C40-6818-7572-4D9D61CA4724}</UniqueIdentifier>
    </Filter>
    <Filter Include="src\Data\DataBase">
      <UniqueIdentifier>{3AB066E0-A6C6-6476-EF3D-F0975B9335FE}</UniqueIdentifier>
    </Filter>
    <Filter Include="src\Data\Date">
      <UniqueIdentifier>{E3FBF76E-4FBC-73A5-18F7-BC228476B881}</UniqueIdentifier>
    </Filter>
    <Filter Include="src\Data\Electricity">
      <UniqueIdentifier>{06CB2516-F259-AFDF-9B78-C3DA87E6BF85}</UniqueIdentifier>
    </Filter>
    <Filter Include="src\Data\Homestead">
      <UniqueIdentifier>{3FF9C59C-2BDD-86F2-943D-814580407174}</UniqueIdentifier>
    </Filter>
    <Filter Include="src\Data\MembershipFee">
      <UniqueIdentifier>{610A13BC-4D04-3C0E-3671-D21E220AA27A}</UniqueIdentifier>
    </Filter>
    <Filter Include="src\Data\Money">
      <UniqueIdentifier>{0DE9A14E-F9B6-9554-E24A-067BCEB771B9}</UniqueIdentifier>
    </Filter>
    <Filter Include="src\Data\Payment">
      <UniqueIdentifier>{E307D245-CF00-F197-F832-D61CE48AD0A3}</UniqueIdentifier>
    </Filter>
    <Filter Include="src\LoaderUnloader">
      <UniqueIdentifier>{6D8DF110-5971-B266-C2D1-ACB9AED49CE8}</UniqueIdentifier>
    </Filter>
    <Filter Include="vendor">
      <UniqueIdentifier>{B3738122-9F15-ACF8-88D0-BF4C74113349}</UniqueIdentifier>
    </Filter>
    <Filter Include="vendor\imgui">
      <UniqueIdentifier>{5D3BD0F0-499E-5F95-F223-984BDE652B18}</UniqueIdentifier>
    </Filter>
    <Filter Include="vendor\imgui\backends">
      <UniqueIdentifier>{27CEAEAF-933A-6AAA-5C2E-0208C8598C12}</UniqueIdentifier>
    </Filter>
  </ItemGroup>
  <ItemGroup>
    <ClInclude Include="..\vendor\imgui\backends\imgui_impl_glfw.h">
      <Filter>vendor\imgui\backends</Filter>
    </ClInclude>
    <ClInclude Include="..\vendor\imgui\backends\imgui_impl_opengl2.h">
      <Filter>vendor\imgui\backends</Filter>
    </ClInclude>
    <ClInclude Include="src\Core\Application.h">
      <Filter>src\Core</Filter>
    </ClInclude>
    <ClInclude Include="src\Core\Windows\TabsColumns\TabColumn.h">
      <Filter>src\Core\Windows\TabsColumns</Filter>
    </ClInclude>
    <ClInclude Include="src\Core\Windows\TabsColumns\TabColumns.h">
      <Filter>src\Core\Windows\TabsColumns</Filter>
    </ClInclude>
    <ClInclude Include="src\Core\Windows\TabsColumns\TabsColumns.h">
      <Filter>src\Core\Windows\TabsColumns</Filter>
    </ClInclude>
    <ClInclude Include="src\Data\Accural\Accural.h">
      <Filter>src\Data\Accural</Filter>
    </ClInclude>
    <ClInclude Include="src\Data\DataBase\DataBase.h">
      <Filter>src\Data\DataBase</Filter>
    </ClInclude>
    <ClInclude Include="src\Data\Date\Date.h">
      <Filter>src\Data\Date</Filter>
    </ClInclude>
    <ClInclude Include="src\Data\Electricity\Electricity.h">
      <Filter>src\Data\Electricity</Filter>
    </ClInclude>
    <ClInclude Include="src\Data\Electricity\ElectricityAccural.h">
      <Filter>src\Data\Electricity</Filter>
    </ClInclude>
    <ClInclude Include="src\Data\Electricity\ElectricityAccuralCosts.h">
      <Filter>src\Data\Electricity</Filter>
    </ClInclude>
    <ClInclude Include="src\Data\Electricity\KiloWatt.h">
      <Filter>src\Data\Electricity</Filter>
    </ClInclude>
    <ClInclude Include="src\Data\Electricity\OtherElectricityAccuralCost.h">
      <Filter>src\Data\Electricity</Filter>
    </ClInclude>
    <ClInclude Include="src\Data\Homestead\Homestead.h">
      <Filter>src\Data\Homestead</Filter>
    </ClInclude>
    <ClInclude Include="src\Data\MembershipFee\MembershipFee.h">
      <Filter>src\Data\MembershipFee</Filter>
    </ClInclude>
    <ClInclude Include="src\Data\MembershipFee\OpeningBalance.h">
      <Filter>src\Data\MembershipFee</Filter>
    </ClInclude>
    <ClInclude Include="src\Data\Money\Money.h">
      <Filter>src\Data\Money</Filter>
    </ClInclude>
    <ClInclude Include="src\Data\Payment\Payment.h">
      <Filter>src\Data\Payment</Filter>
    </ClInclude>
    <ClInclude Include="src\LoaderUnloader\JsonLoaderUnloader.h">
      <Filter>src\LoaderUnloader</Filter>
    </ClInclude>
  </ItemGroup>
  <ItemGroup>
    <ClCompile Include="..\vendor\imgui\backends\imgui_impl_glfw.cpp">
      <Filter>vendor\imgui\backends</Filter>
    </ClCompile>
    <ClCompile Include="..\vendor\imgui\backends\imgui_impl_opengl2.cpp">
      <Filter>vendor\imgui\backends</Filter>
    </ClCompile>
    <ClCompile Include="src\Core\Application.cpp">
      <Filter>src\Core</Filter>
    </ClCompile>
    <ClCompile Include="src\Core\Windows\TabsColumns\TabColumn.cpp">
      <Filter>src\Core\Windows\TabsColumns</Filter>
    </ClCompile>
    <ClCompile Include="src\Core\Windows\TabsColumns\TabColumns.cpp">
      <Filter>src\Core\Windows\TabsColumns</Filter>
    </ClCompile>
    <ClCompile Include="src\Core\Windows\TabsColumns\TabsColumns.cpp">
      <Filter>src\Core\Windows\TabsColumns</Filter>
    </ClCompile>
    <ClCompile Include="src\Data\Accural\Accural.cpp">
      <Filter>src\Data\Accural</Filter>
    </ClCompile>
    <ClCompile Include="src\Data\DataBase\DataBase.cpp">
      <Filter>src\Data\DataBase</Filter>
    </ClCompile>
    <ClCompile Include="src\Data\Date\Date.cpp">
      <Filter>src\Data\Date</Filter>
    </ClCompile>
    <ClCompile Include="src\Data\Electricity\Electricity.cpp">
      <Filter>src\Data\Electricity</Filter>
    </ClCompile>
    <ClCompile Include="src\Data\Electricity\ElectricityAccural.cpp">
      <Filter>src\Data\Electricity</Filter>
    </ClCompile>
    <ClCompile Include="src\Data\Electricity\ElectricityAccuralCosts.cpp">
      <Filter>src\Data\Electricity</Filter>
    </ClCompile>
    <ClCompile Include="src\Data\Electricity\KiloWatt.cpp">
      <Filter>src\Data\Electricity</Filter>
    </ClCompile>
    <ClCompile Include="src\Data\Electricity\OtherElectricityAccuralCost.cpp">
      <Filter>src\Data\Electricity</Filter>
    </ClCompile>
    <ClCompile Include="src\Data\Homestead\Homestead.cpp">
      <Filter>src\Data\Homestead</Filter>
    </ClCompile>
    <ClCompile Include="src\Data\MembershipFee\MembershipFee.cpp">
      <Filter>src\Data\MembershipFee</Filter>
    </ClCompile>
    <ClCompile Include="src\Data\Money\Money.cpp">
      <Filter>src\Data\Money</Filter>
    </ClCompile>
    <ClCompile Include="src\Data\Payment\Payment.cpp">
      <Filter>src\Data\Payment</Filter>
    </ClCompile>
    <ClCompile Include="src\LoaderUnloader\JsonLoaderUnloader.cpp">
      <Filter>src\LoaderUnloader</Filter>
    </ClCompile>
    <ClCompile Include="src\main.cpp">
      <Filter>src</Filter>
    </ClCompile>
  </ItemGroup>
</Project>