<?xml version="1.0" encoding="utf-8"?>
<Project ToolsVersion="4.0" xmlns="http://schemas.microsoft.com/developer/msbuild/2003">
  <ItemGroup>
    <Filter Include="imgui">
      <UniqueIdentifier>{20b90ce4-7fcb-4731-b9a0-075f875de82d}</UniqueIdentifier>
    </Filter>
    <Filter Include="sources">
      <UniqueIdentifier>{f18ab499-84e1-499f-8eff-9754361e0e52}</UniqueIdentifier>
      <Extensions>cpp;c;cc;cxx;def;odl;idl;hpj;bat;asm;asmx</Extensions>
    </Filter>
    <Filter Include="gl3w">
      <UniqueIdentifier>{42f99867-3108-43b8-99d0-fabefaf1f2e3}</UniqueIdentifier>
    </Filter>
    <Filter Include="sources\MyCode">
      <UniqueIdentifier>{9d45ef9d-f8ae-4228-9e16-4f27ea442426}</UniqueIdentifier>
    </Filter>
    <Filter Include="sources\MyCode\Loaders">
      <UniqueIdentifier>{444ef189-b34f-4e1d-b1b6-62f01fb4e35b}</UniqueIdentifier>
    </Filter>
    <Filter Include="sources\MyCode\Unloaders">
      <UniqueIdentifier>{18ba2c50-8749-44e8-9662-00dda220fd5d}</UniqueIdentifier>
    </Filter>
    <Filter Include="sources\MyCode\LoaderUnloader">
      <UniqueIdentifier>{16092ab5-2fc7-4d80-937a-9271acdd67fa}</UniqueIdentifier>
    </Filter>
  </ItemGroup>
  <ItemGroup>
    <ClCompile Include="..\..\imgui.cpp">
      <Filter>imgui</Filter>
    </ClCompile>
    <ClCompile Include="..\libs\gl3w\GL\gl3w.c">
      <Filter>gl3w</Filter>
    </ClCompile>
    <ClCompile Include="..\..\imgui_demo.cpp">
      <Filter>imgui</Filter>
    </ClCompile>
    <ClCompile Include="..\..\imgui_draw.cpp">
      <Filter>imgui</Filter>
    </ClCompile>
    <ClCompile Include="..\imgui_impl_glfw.cpp">
      <Filter>sources</Filter>
    </ClCompile>
    <ClCompile Include="..\imgui_impl_opengl3.cpp">
      <Filter>sources</Filter>
    </ClCompile>
    <ClCompile Include="..\..\imgui_widgets.cpp">
      <Filter>imgui</Filter>
    </ClCompile>
    <ClCompile Include="..\imgui_impl_opengl2.cpp">
      <Filter>sources</Filter>
    </ClCompile>
    <ClCompile Include="src\Data\Accural\Accural.cpp">
      <Filter>sources</Filter>
    </ClCompile>
    <ClCompile Include="src\Core\Application.cpp">
      <Filter>sources</Filter>
    </ClCompile>
    <ClCompile Include="src\Data\DataBase\DataBase.cpp">
      <Filter>sources</Filter>
    </ClCompile>
    <ClCompile Include="src\Data\Electricity\Electricity.cpp">
      <Filter>sources</Filter>
    </ClCompile>
    <ClCompile Include="src\Data\Homestead\Homestead.cpp">
      <Filter>sources</Filter>
    </ClCompile>
    <ClCompile Include="src\main.cpp">
      <Filter>sources</Filter>
    </ClCompile>
    <ClCompile Include="src\Data\MembershipFee\MembershipFee.cpp">
      <Filter>sources</Filter>
    </ClCompile>
    <ClCompile Include="src\Data\Payment\Payment.cpp">
      <Filter>sources</Filter>
    </ClCompile>
    <ClCompile Include="src\LoaderUnloader\JsonLoaderUnloader.cpp">
      <Filter>sources</Filter>
    </ClCompile>
    <ClCompile Include="src\Data\Date\Date.cpp">
      <Filter>sources</Filter>
    </ClCompile>
    <ClCompile Include="src\Data\Money\Money.cpp">
      <Filter>sources</Filter>
    </ClCompile>
    <ClCompile Include="src\Data\Electricity\ElectricityAccural.cpp">
      <Filter>sources</Filter>
    </ClCompile>
    <ClCompile Include="src\Data\Electricity\ElectricityAccuralCosts.cpp">
      <Filter>sources</Filter>
    </ClCompile>
    <ClCompile Include="src\Data\Electricity\OtherElectricityAccuralCost.cpp">
      <Filter>sources</Filter>
    </ClCompile>
    <ClCompile Include="src\Data\Electricity\KiloWatt.cpp">
      <Filter>sources</Filter>
    </ClCompile>
    <ClCompile Include="src\Core\Windows\TabsColumns\TabsColumns.cpp">
      <Filter>sources</Filter>
    </ClCompile>
    <ClCompile Include="src\Core\Windows\TabsColumns\TabColumns.cpp">
      <Filter>sources</Filter>
    </ClCompile>
    <ClCompile Include="src\Core\Windows\TabsColumns\TabColumn.cpp">
      <Filter>sources</Filter>
    </ClCompile>
  </ItemGroup>
  <ItemGroup>
    <ClInclude Include="..\..\imconfig.h">
      <Filter>imgui</Filter>
    </ClInclude>
    <ClInclude Include="..\..\imgui.h">
      <Filter>imgui</Filter>
    </ClInclude>
    <ClInclude Include="..\libs\gl3w\GL\gl3w.h">
      <Filter>gl3w</Filter>
    </ClInclude>
    <ClInclude Include="..\libs\gl3w\GL\glcorearb.h">
      <Filter>gl3w</Filter>
    </ClInclude>
    <ClInclude Include="..\..\imgui_internal.h">
      <Filter>imgui</Filter>
    </ClInclude>
    <ClInclude Include="..\imgui_impl_glfw.h">
      <Filter>sources</Filter>
    </ClInclude>
    <ClInclude Include="..\imgui_impl_opengl3.h">
      <Filter>sources</Filter>
    </ClInclude>
    <ClInclude Include="..\imgui_impl_opengl2.h">
      <Filter>sources</Filter>
    </ClInclude>
    <ClInclude Include="src\Data\Accural\Accural.h" />
    <ClInclude Include="src\Core\Application.h" />
    <ClInclude Include="src\Data\DataBase\DataBase.h" />
    <ClInclude Include="src\Data\Date\Date.h" />
    <ClInclude Include="src\Data\Electricity\Electricity.h" />
    <ClInclude Include="src\Data\Homestead\Homestead.h" />
    <ClInclude Include="src\Data\MembershipFee\MembershipFee.h" />
    <ClInclude Include="src\Data\MembershipFee\OpeningBalance.h" />
    <ClInclude Include="src\Data\Payment\Payment.h" />
    <ClInclude Include="src\LoaderUnloader\JsonLoaderUnloader.h" />
    <ClInclude Include="src\Data\Money\Money.h" />
    <ClInclude Include="src\Data\Electricity\ElectricityAccural.h" />
    <ClInclude Include="src\Data\Electricity\ElectricityAccuralCosts.h" />
    <ClInclude Include="src\Data\Electricity\OtherElectricityAccuralCost.h" />
    <ClInclude Include="src\Data\Electricity\KiloWatt.h" />
    <ClInclude Include="src\Core\Windows\TabsColumns\TabsColumns.h" />
    <ClInclude Include="src\Core\Windows\TabsColumns\TabColumns.h" />
    <ClInclude Include="src\Core\Windows\TabsColumns\TabColumn.h" />
  </ItemGroup>
  <ItemGroup>
    <None Include="..\README.txt" />
    <None Include="..\..\misc\natvis\imgui.natvis">
      <Filter>sources</Filter>
    </None>
  </ItemGroup>
</Project>